
Microsoft Visual Studio Solution File, Format Version 12.00
# Visual Studio Version 17
VisualStudioVersion = 17.0.31903.59
MinimumVisualStudioVersion = 10.0.40219.1
Project("{2150E333-8FDC-42A3-9474-1A3956D46DE8}") = "1-Presentation", "1-Presentation", "{FDEEBA4A-6FFA-10A8-0B31-A51F8B4A1CFC}"
EndProject
Project("{FAE04EC0-301F-11D3-BF4B-00C04F79EFBC}") = "CapitalGains.Console", "src\1-Presentation\CapitalGains.Console\CapitalGains.Console.csproj", "{3C119A39-3C12-4E22-A54A-E05A72DE1618}"
EndProject
Project("{2150E333-8FDC-42A3-9474-1A3956D46DE8}") = "2-Application", "2-Application", "{882ABE8D-50B5-F5D7-3B90-F220014ED427}"
EndProject
Project("{FAE04EC0-301F-11D3-BF4B-00C04F79EFBC}") = "CapitalGains.Application", "src\2-Application\CapitalGains.Application\CapitalGains.Application.csproj", "{60F6014D-817E-4615-9A15-7D2CAD2ADA6C}"
EndProject
Project("{2150E333-8FDC-42A3-9474-1A3956D46DE8}") = "3-Core", "3-Core", "{5D710C08-3C71-8441-59F3-21CC142B8E5B}"
EndProject
Project("{FAE04EC0-301F-11D3-BF4B-00C04F79EFBC}") = "CapitalGains.Domain", "src\3-Core\CapitalGains.Domain\CapitalGains.Domain.csproj", "{57E7973E-F597-424C-8459-9FBD789675A1}"
EndProject
Project("{2150E333-8FDC-42A3-9474-1A3956D46DE8}") = "5-Tests", "5-Tests", "{C122D9FC-524D-A2BD-7B46-51152F76B8F5}"
EndProject
Project("{FAE04EC0-301F-11D3-BF4B-00C04F79EFBC}") = "CapitalGains.UnitTest", "tests\5-Tests\CapitalGains.UnitTest\CapitalGains.UnitTest.csproj", "{94A95E95-D86D-4B28-AD0C-820A355B883E}"
EndProject
Project("{FAE04EC0-301F-11D3-BF4B-00C04F79EFBC}") = "CapitalGains.IntegrationTests", "tests\5-Tests\CapitalGains.IntegrationTests\CapitalGains.IntegrationTests.csproj", "{A314748C-17CC-47B8-B04B-EC3B59A06D46}"
EndProject
Project("{2150E333-8FDC-42A3-9474-1A3956D46DE8}") = "4-Infrastructure", "4-Infrastructure", "{F7E8214F-53C2-3214-ED42-401E85FD48C9}"
EndProject
Project("{FAE04EC0-301F-11D3-BF4B-00C04F79EFBC}") = "CapitalGains.CrossCutting", "src\4-Infrastructure\CapitalGains.CrossCutting\CapitalGains.CrossCutting.csproj", "{79B51A7E-7E57-4E7A-A64A-9C48F3FE5817}"
EndProject
Project("{FAE04EC0-301F-11D3-BF4B-00C04F79EFBC}") = "CapitalGains.EndToEnd", "tests\5-Tests\CapitalGains.EndToEnd\CapitalGains.EndToEnd.csproj", "{F6A52F44-A050-4F13-9DF6-44FEA6E07A86}"
EndProject
Global
	GlobalSection(SolutionConfigurationPlatforms) = preSolution
		Debug|Any CPU = Debug|Any CPU
		Debug|x64 = Debug|x64
		Debug|x86 = Debug|x86
		Release|Any CPU = Release|Any CPU
		Release|x64 = Release|x64
		Release|x86 = Release|x86
	EndGlobalSection
	GlobalSection(ProjectConfigurationPlatforms) = postSolution
		{3C119A39-3C12-4E22-A54A-E05A72DE1618}.Debug|Any CPU.ActiveCfg = Debug|Any CPU
		{3C119A39-3C12-4E22-A54A-E05A72DE1618}.Debug|Any CPU.Build.0 = Debug|Any CPU
		{3C119A39-3C12-4E22-A54A-E05A72DE1618}.Debug|x64.ActiveCfg = Debug|Any CPU
		{3C119A39-3C12-4E22-A54A-E05A72DE1618}.Debug|x64.Build.0 = Debug|Any CPU
		{3C119A39-3C12-4E22-A54A-E05A72DE1618}.Debug|x86.ActiveCfg = Debug|Any CPU
		{3C119A39-3C12-4E22-A54A-E05A72DE1618}.Debug|x86.Build.0 = Debug|Any CPU
		{3C119A39-3C12-4E22-A54A-E05A72DE1618}.Release|Any CPU.ActiveCfg = Release|Any CPU
		{3C119A39-3C12-4E22-A54A-E05A72DE1618}.Release|Any CPU.Build.0 = Release|Any CPU
		{3C119A39-3C12-4E22-A54A-E05A72DE1618}.Release|x64.ActiveCfg = Release|Any CPU
		{3C119A39-3C12-4E22-A54A-E05A72DE1618}.Release|x64.Build.0 = Release|Any CPU
		{3C119A39-3C12-4E22-A54A-E05A72DE1618}.Release|x86.ActiveCfg = Release|Any CPU
		{3C119A39-3C12-4E22-A54A-E05A72DE1618}.Release|x86.Build.0 = Release|Any CPU
		{60F6014D-817E-4615-9A15-7D2CAD2ADA6C}.Debug|Any CPU.ActiveCfg = Debug|Any CPU
		{60F6014D-817E-4615-9A15-7D2CAD2ADA6C}.Debug|Any CPU.Build.0 = Debug|Any CPU
		{60F6014D-817E-4615-9A15-7D2CAD2ADA6C}.Debug|x64.ActiveCfg = Debug|Any CPU
		{60F6014D-817E-4615-9A15-7D2CAD2ADA6C}.Debug|x64.Build.0 = Debug|Any CPU
		{60F6014D-817E-4615-9A15-7D2CAD2ADA6C}.Debug|x86.ActiveCfg = Debug|Any CPU
		{60F6014D-817E-4615-9A15-7D2CAD2ADA6C}.Debug|x86.Build.0 = Debug|Any CPU
		{60F6014D-817E-4615-9A15-7D2CAD2ADA6C}.Release|Any CPU.ActiveCfg = Release|Any CPU
		{60F6014D-817E-4615-9A15-7D2CAD2ADA6C}.Release|Any CPU.Build.0 = Release|Any CPU
		{60F6014D-817E-4615-9A15-7D2CAD2ADA6C}.Release|x64.ActiveCfg = Release|Any CPU
		{60F6014D-817E-4615-9A15-7D2CAD2ADA6C}.Release|x64.Build.0 = Release|Any CPU
		{60F6014D-817E-4615-9A15-7D2CAD2ADA6C}.Release|x86.ActiveCfg = Release|Any CPU
		{60F6014D-817E-4615-9A15-7D2CAD2ADA6C}.Release|x86.Build.0 = Release|Any CPU
		{57E7973E-F597-424C-8459-9FBD789675A1}.Debug|Any CPU.ActiveCfg = Debug|Any CPU
		{57E7973E-F597-424C-8459-9FBD789675A1}.Debug|Any CPU.Build.0 = Debug|Any CPU
		{57E7973E-F597-424C-8459-9FBD789675A1}.Debug|x64.ActiveCfg = Debug|Any CPU
		{57E7973E-F597-424C-8459-9FBD789675A1}.Debug|x64.Build.0 = Debug|Any CPU
		{57E7973E-F597-424C-8459-9FBD789675A1}.Debug|x86.ActiveCfg = Debug|Any CPU
		{57E7973E-F597-424C-8459-9FBD789675A1}.Debug|x86.Build.0 = Debug|Any CPU
		{57E7973E-F597-424C-8459-9FBD789675A1}.Release|Any CPU.ActiveCfg = Release|Any CPU
		{57E7973E-F597-424C-8459-9FBD789675A1}.Release|Any CPU.Build.0 = Release|Any CPU
		{57E7973E-F597-424C-8459-9FBD789675A1}.Release|x64.ActiveCfg = Release|Any CPU
		{57E7973E-F597-424C-8459-9FBD789675A1}.Release|x64.Build.0 = Release|Any CPU
		{57E7973E-F597-424C-8459-9FBD789675A1}.Release|x86.ActiveCfg = Release|Any CPU
		{57E7973E-F597-424C-8459-9FBD789675A1}.Release|x86.Build.0 = Release|Any CPU
		{94A95E95-D86D-4B28-AD0C-820A355B883E}.Debug|Any CPU.ActiveCfg = Debug|Any CPU
		{94A95E95-D86D-4B28-AD0C-820A355B883E}.Debug|Any CPU.Build.0 = Debug|Any CPU
		{94A95E95-D86D-4B28-AD0C-820A355B883E}.Debug|x64.ActiveCfg = Debug|Any CPU
		{94A95E95-D86D-4B28-AD0C-820A355B883E}.Debug|x64.Build.0 = Debug|Any CPU
		{94A95E95-D86D-4B28-AD0C-820A355B883E}.Debug|x86.ActiveCfg = Debug|Any CPU
		{94A95E95-D86D-4B28-AD0C-820A355B883E}.Debug|x86.Build.0 = Debug|Any CPU
		{94A95E95-D86D-4B28-AD0C-820A355B883E}.Release|Any CPU.ActiveCfg = Release|Any CPU
		{94A95E95-D86D-4B28-AD0C-820A355B883E}.Release|Any CPU.Build.0 = Release|Any CPU
		{94A95E95-D86D-4B28-AD0C-820A355B883E}.Release|x64.ActiveCfg = Release|Any CPU
		{94A95E95-D86D-4B28-AD0C-820A355B883E}.Release|x64.Build.0 = Release|Any CPU
		{94A95E95-D86D-4B28-AD0C-820A355B883E}.Release|x86.ActiveCfg = Release|Any CPU
		{94A95E95-D86D-4B28-AD0C-820A355B883E}.Release|x86.Build.0 = Release|Any CPU
		{A314748C-17CC-47B8-B04B-EC3B59A06D46}.Debug|Any CPU.ActiveCfg = Debug|Any CPU
		{A314748C-17CC-47B8-B04B-EC3B59A06D46}.Debug|Any CPU.Build.0 = Debug|Any CPU
		{A314748C-17CC-47B8-B04B-EC3B59A06D46}.Debug|x64.ActiveCfg = Debug|Any CPU
		{A314748C-17CC-47B8-B04B-EC3B59A06D46}.Debug|x64.Build.0 = Debug|Any CPU
		{A314748C-17CC-47B8-B04B-EC3B59A06D46}.Debug|x86.ActiveCfg = Debug|Any CPU
		{A314748C-17CC-47B8-B04B-EC3B59A06D46}.Debug|x86.Build.0 = Debug|Any CPU
		{A314748C-17CC-47B8-B04B-EC3B59A06D46}.Release|Any CPU.ActiveCfg = Release|Any CPU
		{A314748C-17CC-47B8-B04B-EC3B59A06D46}.Release|Any CPU.Build.0 = Release|Any CPU
		{A314748C-17CC-47B8-B04B-EC3B59A06D46}.Release|x64.ActiveCfg = Release|Any CPU
		{A314748C-17CC-47B8-B04B-EC3B59A06D46}.Release|x64.Build.0 = Release|Any CPU
		{A314748C-17CC-47B8-B04B-EC3B59A06D46}.Release|x86.ActiveCfg = Release|Any CPU
		{A314748C-17CC-47B8-B04B-EC3B59A06D46}.Release|x86.Build.0 = Release|Any CPU
		{79B51A7E-7E57-4E7A-A64A-9C48F3FE5817}.Debug|Any CPU.ActiveCfg = Debug|Any CPU
		{79B51A7E-7E57-4E7A-A64A-9C48F3FE5817}.Debug|Any CPU.Build.0 = Debug|Any CPU
		{79B51A7E-7E57-4E7A-A64A-9C48F3FE5817}.Debug|x64.ActiveCfg = Debug|Any CPU
		{79B51A7E-7E57-4E7A-A64A-9C48F3FE5817}.Debug|x64.Build.0 = Debug|Any CPU
		{79B51A7E-7E57-4E7A-A64A-9C48F3FE5817}.Debug|x86.ActiveCfg = Debug|Any CPU
		{79B51A7E-7E57-4E7A-A64A-9C48F3FE5817}.Debug|x86.Build.0 = Debug|Any CPU
		{79B51A7E-7E57-4E7A-A64A-9C48F3FE5817}.Release|Any CPU.ActiveCfg = Release|Any CPU
		{79B51A7E-7E57-4E7A-A64A-9C48F3FE5817}.Release|Any CPU.Build.0 = Release|Any CPU
		{79B51A7E-7E57-4E7A-A64A-9C48F3FE5817}.Release|x64.ActiveCfg = Release|Any CPU
		{79B51A7E-7E57-4E7A-A64A-9C48F3FE5817}.Release|x64.Build.0 = Release|Any CPU
		{79B51A7E-7E57-4E7A-A64A-9C48F3FE5817}.Release|x86.ActiveCfg = Release|Any CPU
		{79B51A7E-7E57-4E7A-A64A-9C48F3FE5817}.Release|x86.Build.0 = Release|Any CPU
		{F6A52F44-A050-4F13-9DF6-44FEA6E07A86}.Debug|Any CPU.ActiveCfg = Debug|Any CPU
		{F6A52F44-A050-4F13-9DF6-44FEA6E07A86}.Debug|Any CPU.Build.0 = Debug|Any CPU
		{F6A52F44-A050-4F13-9DF6-44FEA6E07A86}.Debug|x64.ActiveCfg = Debug|Any CPU
		{F6A52F44-A050-4F13-9DF6-44FEA6E07A86}.Debug|x64.Build.0 = Debug|Any CPU
		{F6A52F44-A050-4F13-9DF6-44FEA6E07A86}.Debug|x86.ActiveCfg = Debug|Any CPU
		{F6A52F44-A050-4F13-9DF6-44FEA6E07A86}.Debug|x86.Build.0 = Debug|Any CPU
		{F6A52F44-A050-4F13-9DF6-44FEA6E07A86}.Release|Any CPU.ActiveCfg = Release|Any CPU
		{F6A52F44-A050-4F13-9DF6-44FEA6E07A86}.Release|Any CPU.Build.0 = Release|Any CPU
		{F6A52F44-A050-4F13-9DF6-44FEA6E07A86}.Release|x64.ActiveCfg = Release|Any CPU
		{F6A52F44-A050-4F13-9DF6-44FEA6E07A86}.Release|x64.Build.0 = Release|Any CPU
		{F6A52F44-A050-4F13-9DF6-44FEA6E07A86}.Release|x86.ActiveCfg = Release|Any CPU
		{F6A52F44-A050-4F13-9DF6-44FEA6E07A86}.Release|x86.Build.0 = Release|Any CPU
	EndGlobalSection
	GlobalSection(SolutionProperties) = preSolution
		HideSolutionNode = FALSE
	EndGlobalSection
	GlobalSection(NestedProjects) = preSolution
		{3C119A39-3C12-4E22-A54A-E05A72DE1618} = {FDEEBA4A-6FFA-10A8-0B31-A51F8B4A1CFC}
		{60F6014D-817E-4615-9A15-7D2CAD2ADA6C} = {882ABE8D-50B5-F5D7-3B90-F220014ED427}
		{57E7973E-F597-424C-8459-9FBD789675A1} = {5D710C08-3C71-8441-59F3-21CC142B8E5B}
		{94A95E95-D86D-4B28-AD0C-820A355B883E} = {C122D9FC-524D-A2BD-7B46-51152F76B8F5}
		{A314748C-17CC-47B8-B04B-EC3B59A06D46} = {C122D9FC-524D-A2BD-7B46-51152F76B8F5}
		{79B51A7E-7E57-4E7A-A64A-9C48F3FE5817} = {F7E8214F-53C2-3214-ED42-401E85FD48C9}
		{F6A52F44-A050-4F13-9DF6-44FEA6E07A86} = {C122D9FC-524D-A2BD-7B46-51152F76B8F5}
	EndGlobalSection
EndGlobal
